// !$*UTF8*$!
{
	archiveVersion = 1;
	classes = {
	};
	objectVersion = 56;
	objects = {

/* Begin PBXBuildFile section */
		A10001 /* RobotNoiDiaApp.swift in Sources */ = {isa = PBXBuildFile; fileRef = B10001 /* RobotNoiDiaApp.swift */; };
		A10002 /* AppState.swift in Sources */ = {isa = PBXBuildFile; fileRef = B10002 /* AppState.swift */; };
		A10003 /* Constants.swift in Sources */ = {isa = PBXBuildFile; fileRef = B10003 /* Constants.swift */; };
		A10004 /* CryptoHelper.swift in Sources */ = {isa = PBXBuildFile; fileRef = B10004 /* CryptoHelper.swift */; };
		A10005 /* KeychainManager.swift in Sources */ = {isa = PBXBuildFile; fileRef = B10005 /* KeychainManager.swift */; };
		A10006 /* DeviceModel.swift in Sources */ = {isa = PBXBuildFile; fileRef = B10006 /* DeviceModel.swift */; };
		A10007 /* DeviceState.swift in Sources */ = {isa = PBXBuildFile; fileRef = B10007 /* DeviceState.swift */; };
		A10008 /* Consumables.swift in Sources */ = {isa = PBXBuildFile; fileRef = B10008 /* Consumables.swift */; };
		A10009 /* AuthCredentials.swift in Sources */ = {isa = PBXBuildFile; fileRef = B10009 /* AuthCredentials.swift */; };
		A10010 /* EcovacsAuthService.swift in Sources */ = {isa = PBXBuildFile; fileRef = B10010 /* EcovacsAuthService.swift */; };
		A10011 /* EcovacsDeviceService.swift in Sources */ = {isa = PBXBuildFile; fileRef = B10011 /* EcovacsDeviceService.swift */; };
		A10012 /* EcovacsMQTTService.swift in Sources */ = {isa = PBXBuildFile; fileRef = B10012 /* EcovacsMQTTService.swift */; };
		A10013 /* LoginViewModel.swift in Sources */ = {isa = PBXBuildFile; fileRef = B10013 /* LoginViewModel.swift */; };
		A10014 /* RobotPickerViewModel.swift in Sources */ = {isa = PBXBuildFile; fileRef = B10014 /* RobotPickerViewModel.swift */; };
		A10015 /* RobotControlViewModel.swift in Sources */ = {isa = PBXBuildFile; fileRef = B10015 /* RobotControlViewModel.swift */; };
		A10016 /* LoginView.swift in Sources */ = {isa = PBXBuildFile; fileRef = B10016 /* LoginView.swift */; };
		A10017 /* RobotPickerView.swift in Sources */ = {isa = PBXBuildFile; fileRef = B10017 /* RobotPickerView.swift */; };
		A10018 /* RobotCardView.swift in Sources */ = {isa = PBXBuildFile; fileRef = B10018 /* RobotCardView.swift */; };
		A10019 /* RobotControlView.swift in Sources */ = {isa = PBXBuildFile; fileRef = B10019 /* RobotControlView.swift */; };
		A10020 /* ControlActionBar.swift in Sources */ = {isa = PBXBuildFile; fileRef = B10020 /* ControlActionBar.swift */; };
		A10021 /* SettingsTabView.swift in Sources */ = {isa = PBXBuildFile; fileRef = B10021 /* SettingsTabView.swift */; };
		A10022 /* ConsumablesTabView.swift in Sources */ = {isa = PBXBuildFile; fileRef = B10022 /* ConsumablesTabView.swift */; };
		A10023 /* MapTabView.swift in Sources */ = {isa = PBXBuildFile; fileRef = B10023 /* MapTabView.swift */; };
		A10024 /* SVGWebView.swift in Sources */ = {isa = PBXBuildFile; fileRef = B10024 /* SVGWebView.swift */; };
		A10025 /* StatusBadgeView.swift in Sources */ = {isa = PBXBuildFile; fileRef = B10025 /* StatusBadgeView.swift */; };
		A10026 /* Assets.xcassets in Resources */ = {isa = PBXBuildFile; fileRef = B10026 /* Assets.xcassets */; };
		A10027 /* NotificationManager.swift in Sources */ = {isa = PBXBuildFile; fileRef = B10028 /* NotificationManager.swift */; };
		A10029 /* VirtualBoundary.swift in Sources */ = {isa = PBXBuildFile; fileRef = B10029 /* VirtualBoundary.swift */; };
		A10030 /* ScheduleView.swift in Sources */ = {isa = PBXBuildFile; fileRef = B10030 /* ScheduleView.swift */; };
/* End PBXBuildFile section */

/* Begin PBXFileReference section */
		C10001 /* RobotNoiDia.app */ = {isa = PBXFileReference; explicitFileType = wrapper.application; includeInIndex = 0; path = "RobotNoiDia.app"; sourceTree = BUILT_PRODUCTS_DIR; };
		B10001 /* RobotNoiDiaApp.swift */ = {isa = PBXFileReference; lastKnownFileType = sourcecode.swift; path = RobotNoiDiaApp.swift; sourceTree = "<group>"; };
		B10002 /* AppState.swift */ = {isa = PBXFileReference; lastKnownFileType = sourcecode.swift; path = AppState.swift; sourceTree = "<group>"; };
		B10003 /* Constants.swift */ = {isa = PBXFileReference; lastKnownFileType = sourcecode.swift; path = Constants.swift; sourceTree = "<group>"; };
		B10004 /* CryptoHelper.swift */ = {isa = PBXFileReference; lastKnownFileType = sourcecode.swift; path = CryptoHelper.swift; sourceTree = "<group>"; };
		B10005 /* KeychainManager.swift */ = {isa = PBXFileReference; lastKnownFileType = sourcecode.swift; path = KeychainManager.swift; sourceTree = "<group>"; };
		B10006 /* DeviceModel.swift */ = {isa = PBXFileReference; lastKnownFileType = sourcecode.swift; path = DeviceModel.swift; sourceTree = "<group>"; };
		B10007 /* DeviceState.swift */ = {isa = PBXFileReference; lastKnownFileType = sourcecode.swift; path = DeviceState.swift; sourceTree = "<group>"; };
		B10008 /* Consumables.swift */ = {isa = PBXFileReference; lastKnownFileType = sourcecode.swift; path = Consumables.swift; sourceTree = "<group>"; };
		B10009 /* AuthCredentials.swift */ = {isa = PBXFileReference; lastKnownFileType = sourcecode.swift; path = AuthCredentials.swift; sourceTree = "<group>"; };
		B10010 /* EcovacsAuthService.swift */ = {isa = PBXFileReference; lastKnownFileType = sourcecode.swift; path = EcovacsAuthService.swift; sourceTree = "<group>"; };
		B10011 /* EcovacsDeviceService.swift */ = {isa = PBXFileReference; lastKnownFileType = sourcecode.swift; path = EcovacsDeviceService.swift; sourceTree = "<group>"; };
		B10012 /* EcovacsMQTTService.swift */ = {isa = PBXFileReference; lastKnownFileType = sourcecode.swift; path = EcovacsMQTTService.swift; sourceTree = "<group>"; };
		B10013 /* LoginViewModel.swift */ = {isa = PBXFileReference; lastKnownFileType = sourcecode.swift; path = LoginViewModel.swift; sourceTree = "<group>"; };
		B10014 /* RobotPickerViewModel.swift */ = {isa = PBXFileReference; lastKnownFileType = sourcecode.swift; path = RobotPickerViewModel.swift; sourceTree = "<group>"; };
		B10015 /* RobotControlViewModel.swift */ = {isa = PBXFileReference; lastKnownFileType = sourcecode.swift; path = RobotControlViewModel.swift; sourceTree = "<group>"; };
		B10016 /* LoginView.swift */ = {isa = PBXFileReference; lastKnownFileType = sourcecode.swift; path = "Login/LoginView.swift"; sourceTree = "<group>"; };
		B10017 /* RobotPickerView.swift */ = {isa = PBXFileReference; lastKnownFileType = sourcecode.swift; path = "Picker/RobotPickerView.swift"; sourceTree = "<group>"; };
		B10018 /* RobotCardView.swift */ = {isa = PBXFileReference; lastKnownFileType = sourcecode.swift; path = "Picker/RobotCardView.swift"; sourceTree = "<group>"; };
		B10019 /* RobotControlView.swift */ = {isa = PBXFileReference; lastKnownFileType = sourcecode.swift; path = "Control/RobotControlView.swift"; sourceTree = "<group>"; };
		B10020 /* ControlActionBar.swift */ = {isa = PBXFileReference; lastKnownFileType = sourcecode.swift; path = "Control/ControlActionBar.swift"; sourceTree = "<group>"; };
		B10021 /* SettingsTabView.swift */ = {isa = PBXFileReference; lastKnownFileType = sourcecode.swift; path = "Control/SettingsTabView.swift"; sourceTree = "<group>"; };
		B10022 /* ConsumablesTabView.swift */ = {isa = PBXFileReference; lastKnownFileType = sourcecode.swift; path = "Control/ConsumablesTabView.swift"; sourceTree = "<group>"; };
		B10023 /* MapTabView.swift */ = {isa = PBXFileReference; lastKnownFileType = sourcecode.swift; path = "Control/MapTabView.swift"; sourceTree = "<group>"; };
		B10024 /* SVGWebView.swift */ = {isa = PBXFileReference; lastKnownFileType = sourcecode.swift; path = "Components/SVGWebView.swift"; sourceTree = "<group>"; };
		B10025 /* StatusBadgeView.swift */ = {isa = PBXFileReference; lastKnownFileType = sourcecode.swift; path = "Components/StatusBadgeView.swift"; sourceTree = "<group>"; };
		B10026 /* Assets.xcassets */ = {isa = PBXFileReference; lastKnownFileType = folder.assetcatalog; path = Assets.xcassets; sourceTree = "<group>"; };
		B10027 /* Info.plist */ = {isa = PBXFileReference; lastKnownFileType = text.plist.xml; path = Info.plist; sourceTree = "<group>"; };
		B10028 /* NotificationManager.swift */ = {isa = PBXFileReference; lastKnownFileType = sourcecode.swift; path = NotificationManager.swift; sourceTree = "<group>"; };
		B10029 /* VirtualBoundary.swift */ = {isa = PBXFileReference; lastKnownFileType = sourcecode.swift; path = VirtualBoundary.swift; sourceTree = "<group>"; };
		B10030 /* ScheduleView.swift */ = {isa = PBXFileReference; lastKnownFileType = sourcecode.swift; path = "Schedule/ScheduleView.swift"; sourceTree = "<group>"; };
/* End PBXFileReference section */

/* Begin PBXFrameworksBuildPhase section */
		D10001 /* Frameworks */ = {
			isa = PBXFrameworksBuildPhase;
			buildActionMask = 2147483647;
			files = (
			);
			runOnlyForDeploymentPostprocessing = 0;
		};
/* End PBXFrameworksBuildPhase section */

/* Begin PBXGroup section */
		E10001 = {
			isa = PBXGroup;
			children = (
				E10002 /* RobotNoiDia */,
				E10003 /* Products */,
			);
			sourceTree = "<group>";
		};
		E10002 /* RobotNoiDia */ = {
			isa = PBXGroup;
			children = (
				E10004 /* App */,
				E10005 /* Core */,
				E10006 /* Models */,
				E10007 /* Services */,
				E10008 /* ViewModels */,
				E10009 /* Views */,
				E10010 /* Resources */,
			);
			path = RobotNoiDia;
			sourceTree = "<group>";
		};
		E10003 /* Products */ = {
			isa = PBXGroup;
			children = (
				C10001 /* RobotNoiDia.app */,
			);
			name = Products;
			sourceTree = "<group>";
		};
		E10004 /* App */ = {
			isa = PBXGroup;
			children = (
				B10001 /* RobotNoiDiaApp.swift */,
				B10002 /* AppState.swift */,
			);
			path = App;
			sourceTree = "<group>";
		};
		E10005 /* Core */ = {
			isa = PBXGroup;
			children = (
				B10003 /* Constants.swift */,
				B10004 /* CryptoHelper.swift */,
				B10005 /* KeychainManager.swift */,
			);
			path = Core;
			sourceTree = "<group>";
		};
		E10006 /* Models */ = {
			isa = PBXGroup;
			children = (
				B10006 /* DeviceModel.swift */,
				B10007 /* DeviceState.swift */,
				B10008 /* Consumables.swift */,
				B10009 /* AuthCredentials.swift */,
				B10029 /* VirtualBoundary.swift */,
			);
			path = Models;
			sourceTree = "<group>";
		};
		E10007 /* Services */ = {
			isa = PBXGroup;
			children = (
				B10010 /* EcovacsAuthService.swift */,
				B10011 /* EcovacsDeviceService.swift */,
				B10012 /* EcovacsMQTTService.swift */,
				B10028 /* NotificationManager.swift */,
			);
			path = Services;
			sourceTree = "<group>";
		};
		E10008 /* ViewModels */ = {
			isa = PBXGroup;
			children = (
				B10013 /* LoginViewModel.swift */,
				B10014 /* RobotPickerViewModel.swift */,
				B10015 /* RobotControlViewModel.swift */,
			);
			path = ViewModels;
			sourceTree = "<group>";
		};
		E10009 /* Views */ = {
			isa = PBXGroup;
			children = (
				B10016 /* LoginView.swift */,
				B10017 /* RobotPickerView.swift */,
				B10018 /* RobotCardView.swift */,
				B10019 /* RobotControlView.swift */,
				B10020 /* ControlActionBar.swift */,
				B10021 /* SettingsTabView.swift */,
				B10022 /* ConsumablesTabView.swift */,
				B10023 /* MapTabView.swift */,
				B10024 /* SVGWebView.swift */,
				B10025 /* StatusBadgeView.swift */,
				B10030 /* ScheduleView.swift */,
			);
			path = Views;
			sourceTree = "<group>";
		};
		E10010 /* Resources */ = {
			isa = PBXGroup;
			children = (
				B10026 /* Assets.xcassets */,
				B10027 /* Info.plist */,
			);
			path = Resources;
			sourceTree = "<group>";
		};
/* End PBXGroup section */

/* Begin PBXNativeTarget section */
		F10001 /* RobotNoiDia */ = {
			isa = PBXNativeTarget;
			buildConfigurationList = G10001 /* Build configuration list for PBXNativeTarget "RobotNoiDia" */;
			buildPhases = (
				H10001 /* Sources */,
				D10001 /* Frameworks */,
				I10001 /* Resources */,
			);
			buildRules = (
			);
			dependencies = (
			);
			name = RobotNoiDia;
			productName = RobotNoiDia;
			productReference = C10001 /* RobotNoiDia.app */;
			productType = "com.apple.product-type.application";
		};
/* End PBXNativeTarget section */

/* Begin PBXProject section */
		J10001 /* Project object */ = {
			isa = PBXProject;
			attributes = {
				BuildIndependentTargetsInParallel = 1;
				LastSwiftUpdateCheck = 1500;
				LastUpgradeCheck = 1500;
				TargetAttributes = {
					F10001 = {
						CreatedOnToolsVersion = 15.0;
					};
				};
			};
			buildConfigurationList = K10001 /* Build configuration list for PBXProject "RobotNoiDia" */;
			compatibilityVersion = "Xcode 14.0";
			developmentRegion = en;
			hasScannedForEncodings = 0;
			knownRegions = (
				en,
				Base,
			);
			mainGroup = E10001;
			productRefGroup = E10003 /* Products */;
			projectDirPath = "";
			projectRoot = "";
			targets = (
				F10001 /* RobotNoiDia */,
			);
		};
/* End PBXProject section */

/* Begin PBXResourcesBuildPhase section */
		I10001 /* Resources */ = {
			isa = PBXResourcesBuildPhase;
			buildActionMask = 2147483647;
			files = (
				A10026 /* Assets.xcassets in Resources */,
			);
			runOnlyForDeploymentPostprocessing = 0;
		};
/* End PBXResourcesBuildPhase section */

/* Begin PBXSourcesBuildPhase section */
		H10001 /* Sources */ = {
			isa = PBXSourcesBuildPhase;
			buildActionMask = 2147483647;
			files = (
				A10001 /* RobotNoiDiaApp.swift in Sources */,
				A10002 /* AppState.swift in Sources */,
				A10003 /* Constants.swift in Sources */,
				A10004 /* CryptoHelper.swift in Sources */,
				A10005 /* KeychainManager.swift in Sources */,
				A10006 /* DeviceModel.swift in Sources */,
				A10007 /* DeviceState.swift in Sources */,
				A10008 /* Consumables.swift in Sources */,
				A10009 /* AuthCredentials.swift in Sources */,
				A10010 /* EcovacsAuthService.swift in Sources */,
				A10011 /* EcovacsDeviceService.swift in Sources */,
				A10012 /* EcovacsMQTTService.swift in Sources */,
				A10013 /* LoginViewModel.swift in Sources */,
				A10014 /* RobotPickerViewModel.swift in Sources */,
				A10015 /* RobotControlViewModel.swift in Sources */,
				A10016 /* LoginView.swift in Sources */,
				A10017 /* RobotPickerView.swift in Sources */,
				A10018 /* RobotCardView.swift in Sources */,
				A10019 /* RobotControlView.swift in Sources */,
				A10020 /* ControlActionBar.swift in Sources */,
				A10021 /* SettingsTabView.swift in Sources */,
				A10022 /* ConsumablesTabView.swift in Sources */,
				A10023 /* MapTabView.swift in Sources */,
				A10024 /* SVGWebView.swift in Sources */,
				A10025 /* StatusBadgeView.swift in Sources */,
				A10027 /* NotificationManager.swift in Sources */,
				A10029 /* VirtualBoundary.swift in Sources */,
				A10030 /* ScheduleView.swift in Sources */,
			);
			runOnlyForDeploymentPostprocessing = 0;
		};
/* End PBXSourcesBuildPhase section */

/* Begin XCBuildConfiguration section */
		L10001 /* Debug */ = {
			isa = XCBuildConfiguration;
			buildSettings = {
				ALWAYS_SEARCH_USER_PATHS = NO;
				CLANG_ANALYZER_NONNULL = YES;
				CLANG_CXX_LANGUAGE_STANDARD = "gnu++20";
				CLANG_ENABLE_MODULES = YES;
				CLANG_ENABLE_OBJC_ARC = YES;
				COPY_PHASE_STRIP = NO;
				DEBUG_INFORMATION_FORMAT = dwarf;
				ENABLE_STRICT_OBJC_MSGSEND = YES;
				ENABLE_TESTABILITY = YES;
				GCC_C_LANGUAGE_STANDARD = gnu11;
				GCC_DYNAMIC_NO_PIC = NO;
				GCC_OPTIMIZATION_LEVEL = 0;
				GCC_PREPROCESSOR_DEFINITIONS = (
					"DEBUG=1",
					"$(inherited)",
				);
				GCC_WARN_64_TO_32_BIT_CONVERSION = YES;
				GCC_WARN_ABOUT_RETURN_TYPE = YES_ERROR;
				GCC_WARN_UNDECLARED_SELECTOR = YES;
				GCC_WARN_UNINITIALIZED_AUTOS = YES_AGGRESSIVE;
				GCC_WARN_UNUSED_FUNCTION = YES;
				GCC_WARN_UNUSED_VARIABLE = YES;
				IPHONEOS_DEPLOYMENT_TARGET = 16.0;
				MTL_ENABLE_DEBUG_INFO = INCLUDE_SOURCE;
				MTL_FAST_MATH = YES;
				ONLY_ACTIVE_ARCH = YES;
				SDKROOT = iphoneos;
				SWIFT_ACTIVE_COMPILATION_CONDITIONS = DEBUG;
				SWIFT_OPTIMIZATION_LEVEL = "-Onone";
			};
			name = Debug;
		};
		L10002 /* Release */ = {
			isa = XCBuildConfiguration;
			buildSettings = {
				ALWAYS_SEARCH_USER_PATHS = NO;
				CLANG_ANALYZER_NONNULL = YES;
				CLANG_CXX_LANGUAGE_STANDARD = "gnu++20";
				CLANG_ENABLE_MODULES = YES;
				CLANG_ENABLE_OBJC_ARC = YES;
				COPY_PHASE_STRIP = NO;
				DEBUG_INFORMATION_FORMAT = "dwarf-with-dsym";
				ENABLE_NS_ASSERTIONS = NO;
				ENABLE_STRICT_OBJC_MSGSEND = YES;
				GCC_C_LANGUAGE_STANDARD = gnu11;
				GCC_WARN_64_TO_32_BIT_CONVERSION = YES;
				GCC_WARN_ABOUT_RETURN_TYPE = YES_ERROR;
				GCC_WARN_UNDECLARED_SELECTOR = YES;
				GCC_WARN_UNINITIALIZED_AUTOS = YES_AGGRESSIVE;
				GCC_WARN_UNUSED_FUNCTION = YES;
				GCC_WARN_UNUSED_VARIABLE = YES;
				IPHONEOS_DEPLOYMENT_TARGET = 16.0;
				MTL_ENABLE_DEBUG_INFO = NO;
				MTL_FAST_MATH = YES;
				SDKROOT = iphoneos;
				SWIFT_COMPILATION_MODE = wholemodule;
				SWIFT_OPTIMIZATION_LEVEL = "-O";
				VALIDATE_PRODUCT = YES;
			};
			name = Release;
		};
		L10003 /* Debug */ = {
			isa = XCBuildConfiguration;
			buildSettings = {
				ASSETCATALOG_COMPILER_APPICON_NAME = AppIcon;
				ASSETCATALOG_COMPILER_GLOBAL_ACCENT_COLOR_NAME = AccentColor;
				CODE_SIGN_STYLE = Automatic;
				CURRENT_PROJECT_VERSION = 2;
				DEVELOPMENT_ASSET_PATHS = "";
				ENABLE_PREVIEWS = YES;
				GENERATE_INFOPLIST_FILE = NO;
				INFOPLIST_FILE = RobotNoiDia/Resources/Info.plist;
				INFOPLIST_KEY_CFBundleDisplayName = "Robot Nội Địa";
				LD_RUNPATH_SEARCH_PATHS = (
					"$(inherited)",
					"@executable_path/Frameworks",
				);
				MARKETING_VERSION = 1.1.18;
				PRODUCT_BUNDLE_IDENTIFIER = com.robot.noidia;
				PRODUCT_NAME = RobotNoiDia;
				SWIFT_EMIT_LOC_STRINGS = YES;
				SWIFT_VERSION = 5.0;
				TARGETED_DEVICE_FAMILY = "1";
			};
			name = Debug;
		};
		L10004 /* Release */ = {
			isa = XCBuildConfiguration;
			buildSettings = {
				ASSETCATALOG_COMPILER_APPICON_NAME = AppIcon;
				ASSETCATALOG_COMPILER_GLOBAL_ACCENT_COLOR_NAME = AccentColor;
				CODE_SIGN_STYLE = Automatic;
				CURRENT_PROJECT_VERSION = 22;
				DEVELOPMENT_ASSET_PATHS = "";
				ENABLE_PREVIEWS = YES;
				GENERATE_INFOPLIST_FILE = NO;
				INFOPLIST_FILE = RobotNoiDia/Resources/Info.plist;
				INFOPLIST_KEY_CFBundleDisplayName = "Robot Nội Địa";
				LD_RUNPATH_SEARCH_PATHS = (
					"$(inherited)",
					"@executable_path/Frameworks",
				);
				MARKETING_VERSION = 1.1.19;
				PRODUCT_BUNDLE_IDENTIFIER = com.robot.noidia;
				PRODUCT_NAME = RobotNoiDia;
				SWIFT_EMIT_LOC_STRINGS = YES;
				SWIFT_VERSION = 5.0;
				TARGETED_DEVICE_FAMILY = "1";
			};
			name = Release;
		};
/* End XCBuildConfiguration section */

/* Begin XCConfigurationList section */
		K10001 /* Build configuration list for PBXProject "RobotNoiDia" */ = {
			isa = XCConfigurationList;
			buildConfigurations = (
				L10001 /* Debug */,
				L10002 /* Release */,
			);
			defaultConfigurationIsVisible = 0;
			defaultConfigurationName = Release;
		};
		G10001 /* Build configuration list for PBXNativeTarget "RobotNoiDia" */ = {
			isa = XCConfigurationList;
			buildConfigurations = (
				L10003 /* Debug */,
				L10004 /* Release */,
			);
			defaultConfigurationIsVisible = 0;
			defaultConfigurationName = Release;
		};
/* End XCConfigurationList section */
	};
	rootObject = J10001 /* Project object */;
}
